// !$*UTF8*$!
{
	archiveVersion = 1;
	classes = {
	};
	objectVersion = 50;
	objects = {

/* Begin PBXBuildFile section */
		970BB7FB2241C904003A0514 /* AppDelegate.swift in Sources */ = {isa = PBXBuildFile; fileRef = 970BB7FA2241C904003A0514 /* AppDelegate.swift */; };
		970BB7FD2241C904003A0514 /* GameScene.sks in Resources */ = {isa = PBXBuildFile; fileRef = 970BB7FC2241C904003A0514 /* GameScene.sks */; };
		970BB7FF2241C904003A0514 /* Actions.sks in Resources */ = {isa = PBXBuildFile; fileRef = 970BB7FE2241C904003A0514 /* Actions.sks */; };
		970BB8012241C904003A0514 /* GameScene.swift in Sources */ = {isa = PBXBuildFile; fileRef = 970BB8002241C904003A0514 /* GameScene.swift */; };
		970BB8032241C904003A0514 /* ViewController.swift in Sources */ = {isa = PBXBuildFile; fileRef = 970BB8022241C904003A0514 /* ViewController.swift */; };
		970BB8052241C905003A0514 /* Assets.xcassets in Resources */ = {isa = PBXBuildFile; fileRef = 970BB8042241C905003A0514 /* Assets.xcassets */; };
		970BB8082241C905003A0514 /* Main.storyboard in Resources */ = {isa = PBXBuildFile; fileRef = 970BB8062241C905003A0514 /* Main.storyboard */; };
/* End PBXBuildFile section */

/* Begin PBXFileReference section */
		970BB7F72241C904003A0514 /* Platforms.app */ = {isa = PBXFileReference; explicitFileType = wrapper.application; includeInIndex = 0; path = Platforms.app; sourceTree = BUILT_PRODUCTS_DIR; };
		970BB7FA2241C904003A0514 /* AppDelegate.swift */ = {isa = PBXFileReference; lastKnownFileType = sourcecode.swift; path = AppDelegate.swift; sourceTree = "<group>"; };
		970BB7FC2241C904003A0514 /* GameScene.sks */ = {isa = PBXFileReference; lastKnownFileType = file.sks; path = GameScene.sks; sourceTree = "<group>"; };
		970BB7FE2241C904003A0514 /* Actions.sks */ = {isa = PBXFileReference; lastKnownFileType = file.sks; path = Actions.sks; sourceTree = "<group>"; };
		970BB8002241C904003A0514 /* GameScene.swift */ = {isa = PBXFileReference; lastKnownFileType = sourcecode.swift; path = GameScene.swift; sourceTree = "<group>"; };
		970BB8022241C904003A0514 /* ViewController.swift */ = {isa = PBXFileReference; lastKnownFileType = sourcecode.swift; path = ViewController.swift; sourceTree = "<group>"; };
		970BB8042241C905003A0514 /* Assets.xcassets */ = {isa = PBXFileReference; lastKnownFileType = folder.assetcatalog; path = Assets.xcassets; sourceTree = "<group>"; };
		970BB8072241C905003A0514 /* Base */ = {isa = PBXFileReference; lastKnownFileType = file.storyboard; name = Base; path = Base.lproj/Main.storyboard; sourceTree = "<group>"; };
		970BB8092241C905003A0514 /* Info.plist */ = {isa = PBXFileReference; lastKnownFileType = text.plist.xml; path = Info.plist; sourceTree = "<group>"; };
		970BB80A2241C905003A0514 /* Platforms.entitlements */ = {isa = PBXFileReference; lastKnownFileType = text.plist.entitlements; path = Platforms.entitlements; sourceTree = "<group>"; };
/* End PBXFileReference section */

/* Begin PBXFrameworksBuildPhase section */
		970BB7F42241C904003A0514 /* Frameworks */ = {
			isa = PBXFrameworksBuildPhase;
			buildActionMask = 2147483647;
			files = (
			);
			runOnlyForDeploymentPostprocessing = 0;
		};
/* End PBXFrameworksBuildPhase section */

/* Begin PBXGroup section */
		970BB7EE2241C904003A0514 = {
			isa = PBXGroup;
			children = (
				970BB7F92241C904003A0514 /* Platforms */,
				970BB7F82241C904003A0514 /* Products */,
			);
			sourceTree = "<group>";
		};
		970BB7F82241C904003A0514 /* Products */ = {
			isa = PBXGroup;
			children = (
				970BB7F72241C904003A0514 /* Platforms.app */,
			);
			name = Products;
			sourceTree = "<group>";
		};
		970BB7F92241C904003A0514 /* Platforms */ = {
			isa = PBXGroup;
			children = (
				970BB7FA2241C904003A0514 /* AppDelegate.swift */,
				970BB7FC2241C904003A0514 /* GameScene.sks */,
				970BB7FE2241C904003A0514 /* Actions.sks */,
				970BB8002241C904003A0514 /* GameScene.swift */,
				970BB8022241C904003A0514 /* ViewController.swift */,
				970BB8042241C905003A0514 /* Assets.xcassets */,
				970BB8062241C905003A0514 /* Main.storyboard */,
				970BB8092241C905003A0514 /* Info.plist */,
				970BB80A2241C905003A0514 /* Platforms.entitlements */,
			);
			path = Platforms;
			sourceTree = "<group>";
		};
/* End PBXGroup section */

/* Begin PBXNativeTarget section */
		970BB7F62241C904003A0514 /* Platforms */ = {
			isa = PBXNativeTarget;
			buildConfigurationList = 970BB80D2241C905003A0514 /* Build configuration list for PBXNativeTarget "Platforms" */;
			buildPhases = (
				970BB7F32241C904003A0514 /* Sources */,
				970BB7F42241C904003A0514 /* Frameworks */,
				970BB7F52241C904003A0514 /* Resources */,
			);
			buildRules = (
			);
			dependencies = (
			);
			name = Platforms;
			productName = Platforms;
			productReference = 970BB7F72241C904003A0514 /* Platforms.app */;
			productType = "com.apple.product-type.application";
		};
/* End PBXNativeTarget section */

/* Begin PBXProject section */
		970BB7EF2241C904003A0514 /* Project object */ = {
			isa = PBXProject;
			attributes = {
				LastSwiftUpdateCheck = 1010;
				LastUpgradeCheck = 1010;
				ORGANIZATIONNAME = "Turner Eison";
				TargetAttributes = {
					970BB7F62241C904003A0514 = {
						CreatedOnToolsVersion = 10.1;
					};
				};
			};
			buildConfigurationList = 970BB7F22241C904003A0514 /* Build configuration list for PBXProject "Platforms" */;
			compatibilityVersion = "Xcode 9.3";
			developmentRegion = en;
			hasScannedForEncodings = 0;
			knownRegions = (
				en,
				Base,
			);
			mainGroup = 970BB7EE2241C904003A0514;
			productRefGroup = 970BB7F82241C904003A0514 /* Products */;
			projectDirPath = "";
			projectRoot = "";
			targets = (
				970BB7F62241C904003A0514 /* Platforms */,
			);
		};
/* End PBXProject section */

/* Begin PBXResourcesBuildPhase section */
		970BB7F52241C904003A0514 /* Resources */ = {
			isa = PBXResourcesBuildPhase;
			buildActionMask = 2147483647;
			files = (
				970BB7FD2241C904003A0514 /* GameScene.sks in Resources */,
				970BB8052241C905003A0514 /* Assets.xcassets in Resources */,
				970BB7FF2241C904003A0514 /* Actions.sks in Resources */,
				970BB8082241C905003A0514 /* Main.storyboard in Resources */,
			);
			runOnlyForDeploymentPostprocessing = 0;
		};
/* End PBXResourcesBuildPhase section */

/* Begin PBXSourcesBuildPhase section */
		970BB7F32241C904003A0514 /* Sources */ = {
			isa = PBXSourcesBuildPhase;
			buildActionMask = 2147483647;
			files = (
				970BB8032241C904003A0514 /* ViewController.swift in Sources */,
				970BB8012241C904003A0514 /* GameScene.swift in Sources */,
				970BB7FB2241C904003A0514 /* AppDelegate.swift in Sources */,
			);
			runOnlyForDeploymentPostprocessing = 0;
		};
/* End PBXSourcesBuildPhase section */

/* Begin PBXVariantGroup section */
		970BB8062241C905003A0514 /* Main.storyboard */ = {
			isa = PBXVariantGroup;
			children = (
				970BB8072241C905003A0514 /* Base */,
			);
			name = Main.storyboard;
			sourceTree = "<group>";
		};
/* End PBXVariantGroup section */

/* Begin XCBuildConfiguration section */
		970BB80B2241C905003A0514 /* Debug */ = {
			isa = XCBuildConfiguration;
			buildSettings = {
				ALWAYS_SEARCH_USER_PATHS = NO;
				CLANG_ANALYZER_NONNULL = YES;
				CLANG_ANALYZER_NUMBER_OBJECT_CONVERSION = YES_AGGRESSIVE;
				CLANG_CXX_LANGUAGE_STANDARD = "gnu++14";
				CLANG_CXX_LIBRARY = "libc++";
				CLANG_ENABLE_MODULES = YES;
				CLANG_ENABLE_OBJC_ARC = YES;
				CLANG_ENABLE_OBJC_WEAK = YES;
				CLANG_WARN_BLOCK_CAPTURE_AUTORELEASING = YES;
				CLANG_WARN_BOOL_CONVERSION = YES;
				CLANG_WARN_COMMA = YES;
				CLANG_WARN_CONSTANT_CONVERSION = YES;
				CLANG_WARN_DEPRECATED_OBJC_IMPLEMENTATIONS = YES;
				CLANG_WARN_DIRECT_OBJC_ISA_USAGE = YES_ERROR;
				CLANG_WARN_DOCUMENTATION_COMMENTS = YES;
				CLANG_WARN_EMPTY_BODY = YES;
				CLANG_WARN_ENUM_CONVERSION = YES;
				CLANG_WARN_INFINITE_RECURSION = YES;
				CLANG_WARN_INT_CONVERSION = YES;
				CLANG_WARN_NON_LITERAL_NULL_CONVERSION = YES;
				CLANG_WARN_OBJC_IMPLICIT_RETAIN_SELF = YES;
				CLANG_WARN_OBJC_LITERAL_CONVERSION = YES;
				CLANG_WARN_OBJC_ROOT_CLASS = YES_ERROR;
				CLANG_WARN_RANGE_LOOP_ANALYSIS = YES;
				CLANG_WARN_STRICT_PROTOTYPES = YES;
				CLANG_WARN_SUSPICIOUS_MOVE = YES;
				CLANG_WARN_UNGUARDED_AVAILABILITY = YES_AGGRESSIVE;
				CLANG_WARN_UNREACHABLE_CODE = YES;
				CLANG_WARN__DUPLICATE_METHOD_MATCH = YES;
				CODE_SIGN_IDENTITY = "Mac Developer";
				COPY_PHASE_STRIP = NO;
				DEBUG_INFORMATION_FORMAT = dwarf;
				ENABLE_STRICT_OBJC_MSGSEND = YES;
				ENABLE_TESTABILITY = YES;
				GCC_C_LANGUAGE_STANDARD = gnu11;
				GCC_DYNAMIC_NO_PIC = NO;
				GCC_NO_COMMON_BLOCKS = YES;
				GCC_OPTIMIZATION_LEVEL = 0;
				GCC_PREPROCESSOR_DEFINITIONS = (
					"DEBUG=1",
					"$(inherited)",
				);
				GCC_WARN_64_TO_32_BIT_CONVERSION = YES;
				GCC_WARN_ABOUT_RETURN_TYPE = YES_ERROR;
				GCC_WARN_UNDECLARED_SELECTOR = YES;
				GCC_WARN_UNINITIALIZED_AUTOS = YES_AGGRESSIVE;
				GCC_WARN_UNUSED_FUNCTION = YES;
				GCC_WARN_UNUSED_VARIABLE = YES;
				MACOSX_DEPLOYMENT_TARGET = 10.14;
				MTL_ENABLE_DEBUG_INFO = INCLUDE_SOURCE;
				MTL_FAST_MATH = YES;
				ONLY_ACTIVE_ARCH = YES;
				SDKROOT = macosx;
				SWIFT_ACTIVE_COMPILATION_CONDITIONS = DEBUG;
				SWIFT_OPTIMIZATION_LEVEL = "-Onone";
			};
			name = Debug;
		};
		970BB80C2241C905003A0514 /* Release */ = {
			isa = XCBuildConfiguration;
			buildSettings = {
				ALWAYS_SEARCH_USER_PATHS = NO;
				CLANG_ANALYZER_NONNULL = YES;
				CLANG_ANALYZER_NUMBER_OBJECT_CONVERSION = YES_AGGRESSIVE;
				CLANG_CXX_LANGUAGE_STANDARD = "gnu++14";
				CLANG_CXX_LIBRARY = "libc++";
				CLANG_ENABLE_MODULES = YES;
				CLANG_ENABLE_OBJC_ARC = YES;
				CLANG_ENABLE_OBJC_WEAK = YES;
				CLANG_WARN_BLOCK_CAPTURE_AUTORELEASING = YES;
				CLANG_WARN_BOOL_CONVERSION = YES;
				CLANG_WARN_COMMA = YES;
				CLANG_WARN_CONSTANT_CONVERSION = YES;
				CLANG_WARN_DEPRECATED_OBJC_IMPLEMENTATIONS = YES;
				CLANG_WARN_DIRECT_OBJC_ISA_USAGE = YES_ERROR;
				CLANG_WARN_DOCUMENTATION_COMMENTS = YES;
				CLANG_WARN_EMPTY_BODY = YES;
				CLANG_WARN_ENUM_CONVERSION = YES;
				CLANG_WARN_INFINITE_RECURSION = YES;
				CLANG_WARN_INT_CONVERSION = YES;
				CLANG_WARN_NON_LITERAL_NULL_CONVERSION = YES;
				CLANG_WARN_OBJC_IMPLICIT_RETAIN_SELF = YES;
				CLANG_WARN_OBJC_LITERAL_CONVERSION = YES;
				CLANG_WARN_OBJC_ROOT_CLASS = YES_ERROR;
				CLANG_WARN_RANGE_LOOP_ANALYSIS = YES;
				CLANG_WARN_STRICT_PROTOTYPES = YES;
				CLANG_WARN_SUSPICIOUS_MOVE = YES;
				CLANG_WARN_UNGUARDED_AVAILABILITY = YES_AGGRESSIVE;
				CLANG_WARN_UNREACHABLE_CODE = YES;
				CLANG_WARN__DUPLICATE_METHOD_MATCH = YES;
				CODE_SIGN_IDENTITY = "Mac Developer";
				COPY_PHASE_STRIP = NO;
				DEBUG_INFORMATION_FORMAT = "dwarf-with-dsym";
				ENABLE_NS_ASSERTIONS = NO;
				ENABLE_STRICT_OBJC_MSGSEND = YES;
				GCC_C_LANGUAGE_STANDARD = gnu11;
				GCC_NO_COMMON_BLOCKS = YES;
				GCC_WARN_64_TO_32_BIT_CONVERSION = YES;
				GCC_WARN_ABOUT_RETURN_TYPE = YES_ERROR;
				GCC_WARN_UNDECLARED_SELECTOR = YES;
				GCC_WARN_UNINITIALIZED_AUTOS = YES_AGGRESSIVE;
				GCC_WARN_UNUSED_FUNCTION = YES;
				GCC_WARN_UNUSED_VARIABLE = YES;
				MACOSX_DEPLOYMENT_TARGET = 10.14;
				MTL_ENABLE_DEBUG_INFO = NO;
				MTL_FAST_MATH = YES;
				SDKROOT = macosx;
				SWIFT_COMPILATION_MODE = wholemodule;
				SWIFT_OPTIMIZATION_LEVEL = "-O";
			};
			name = Release;
		};
		970BB80E2241C905003A0514 /* Debug */ = {
			isa = XCBuildConfiguration;
			buildSettings = {
				ASSETCATALOG_COMPILER_APPICON_NAME = AppIcon;
				CODE_SIGN_ENTITLEMENTS = Platforms/Platforms.entitlements;
				CODE_SIGN_STYLE = Automatic;
				COMBINE_HIDPI_IMAGES = YES;
				DEVELOPMENT_TEAM = 7V8VARWU3F;
				INFOPLIST_FILE = Platforms/Info.plist;
				LD_RUNPATH_SEARCH_PATHS = (
					"$(inherited)",
					"@executable_path/../Frameworks",
				);
				PRODUCT_BUNDLE_IDENTIFIER = com.turnereison.Platforms;
				PRODUCT_NAME = "$(TARGET_NAME)";
				SWIFT_VERSION = 4.2;
			};
			name = Debug;
		};
		970BB80F2241C905003A0514 /* Release */ = {
			isa = XCBuildConfiguration;
			buildSettings = {
				ASSETCATALOG_COMPILER_APPICON_NAME = AppIcon;
				CODE_SIGN_ENTITLEMENTS = Platforms/Platforms.entitlements;
				CODE_SIGN_STYLE = Automatic;
				COMBINE_HIDPI_IMAGES = YES;
				DEVELOPMENT_TEAM = 7V8VARWU3F;
				INFOPLIST_FILE = Platforms/Info.plist;
				LD_RUNPATH_SEARCH_PATHS = (
					"$(inherited)",
					"@executable_path/../Frameworks",
				);
				PRODUCT_BUNDLE_IDENTIFIER = com.turnereison.Platforms;
				PRODUCT_NAME = "$(TARGET_NAME)";
				SWIFT_VERSION = 4.2;
			};
			name = Release;
		};
/* End XCBuildConfiguration section */

/* Begin XCConfigurationList section */
		970BB7F22241C904003A0514 /* Build configuration list for PBXProject "Platforms" */ = {
			isa = XCConfigurationList;
			buildConfigurations = (
				970BB80B2241C905003A0514 /* Debug */,
				970BB80C2241C905003A0514 /* Release */,
			);
			defaultConfigurationIsVisible = 0;
			defaultConfigurationName = Release;
		};
		970BB80D2241C905003A0514 /* Build configuration list for PBXNativeTarget "Platforms" */ = {
			isa = XCConfigurationList;
			buildConfigurations = (
				970BB80E2241C905003A0514 /* Debug */,
				970BB80F2241C905003A0514 /* Release */,
			);
			defaultConfigurationIsVisible = 0;
			defaultConfigurationName = Release;
		};
/* End XCConfigurationList section */
	};
	rootObject = 970BB7EF2241C904003A0514 /* Project object */;
}
